// !$*UTF8*$!
{
	archiveVersion = 1;
	classes = {
	};
	objectVersion = 56;
	objects = {

/* Begin PBXBuildFile section */
		ED064FC42A895AC600C79FBF /* DetailTableViewCell.swift in Sources */ = {isa = PBXBuildFile; fileRef = ED064FC22A895AC600C79FBF /* DetailTableViewCell.swift */; };
		ED064FC52A895AC600C79FBF /* DetailTableViewCell.xib in Resources */ = {isa = PBXBuildFile; fileRef = ED064FC32A895AC600C79FBF /* DetailTableViewCell.xib */; };
		ED064FC72A895F0900C79FBF /* CreditResponseDTO.swift in Sources */ = {isa = PBXBuildFile; fileRef = ED064FC62A895F0900C79FBF /* CreditResponseDTO.swift */; };
		ED064FCA2A89EC2700C79FBF /* ManagerableProtocol.swift in Sources */ = {isa = PBXBuildFile; fileRef = ED064FC82A89EC2700C79FBF /* ManagerableProtocol.swift */; };
		ED064FCD2A89EC5000C79FBF /* MovieManager.swift in Sources */ = {isa = PBXBuildFile; fileRef = ED064FCC2A89EC5000C79FBF /* MovieManager.swift */; };
		ED96A81C2A8A31C600104D44 /* Video.swift in Sources */ = {isa = PBXBuildFile; fileRef = ED96A81B2A8A31C600104D44 /* Video.swift */; };
		ED96A81E2A8A35D400104D44 /* AlertableProtocol.swift in Sources */ = {isa = PBXBuildFile; fileRef = ED96A81D2A8A35D400104D44 /* AlertableProtocol.swift */; };
		ED96A8202A8A395B00104D44 /* ImageFetchableProtocol.swift in Sources */ = {isa = PBXBuildFile; fileRef = ED96A81F2A8A395B00104D44 /* ImageFetchableProtocol.swift */; };
		ED96A8222A8A3B0B00104D44 /* Cast.swift in Sources */ = {isa = PBXBuildFile; fileRef = ED96A8212A8A3B0B00104D44 /* Cast.swift */; };
		ED96A8262A8A452A00104D44 /* MPImage.swift in Sources */ = {isa = PBXBuildFile; fileRef = ED96A8252A8A452A00104D44 /* MPImage.swift */; };
		ED96A82A2A8A4DC500104D44 /* InfoTableViewCell.swift in Sources */ = {isa = PBXBuildFile; fileRef = ED96A8282A8A4DC500104D44 /* InfoTableViewCell.swift */; };
		ED96A82B2A8A4DC500104D44 /* InfoTableViewCell.xib in Resources */ = {isa = PBXBuildFile; fileRef = ED96A8292A8A4DC500104D44 /* InfoTableViewCell.xib */; };
		ED96A82D2A8B003300104D44 /* APIableProtocol.swift in Sources */ = {isa = PBXBuildFile; fileRef = ED96A82C2A8B003300104D44 /* APIableProtocol.swift */; };
		ED9936652A89345B0019EF3F /* PaddingLabel.swift in Sources */ = {isa = PBXBuildFile; fileRef = ED9936642A89345B0019EF3F /* PaddingLabel.swift */; };
		ED9936682A893E420019EF3F /* TrendListResponseDTO.swift in Sources */ = {isa = PBXBuildFile; fileRef = ED9936672A893E420019EF3F /* TrendListResponseDTO.swift */; };
		ED99366B2A8940090019EF3F /* .gitignore in Resources */ = {isa = PBXBuildFile; fileRef = ED99366A2A8940090019EF3F /* .gitignore */; };
		ED99366E2A89404D0019EF3F /* APIKey.swift in Sources */ = {isa = PBXBuildFile; fileRef = ED99366D2A89404D0019EF3F /* APIKey.swift */; };
		ED99367A2A89444A0019EF3F /* Alamofire in Frameworks */ = {isa = PBXBuildFile; productRef = ED9936792A89444A0019EF3F /* Alamofire */; };
		ED99367E2A89462E0019EF3F /* VideoAPI.swift in Sources */ = {isa = PBXBuildFile; fileRef = ED99367D2A89462E0019EF3F /* VideoAPI.swift */; };
		ED9936852A8957420019EF3F /* MovieDetailViewController.swift in Sources */ = {isa = PBXBuildFile; fileRef = ED9936842A8957410019EF3F /* MovieDetailViewController.swift */; };
		ED9936872A89576A0019EF3F /* MovieDetailViewController.storyboard in Resources */ = {isa = PBXBuildFile; fileRef = ED9936862A89576A0019EF3F /* MovieDetailViewController.storyboard */; };
		EDB0FA2F2A8E325200861AC1 /* MediaTabBarViewController.storyboard in Resources */ = {isa = PBXBuildFile; fileRef = EDB0FA2E2A8E325200861AC1 /* MediaTabBarViewController.storyboard */; };
		EDC3786C2A889DDC00F4EC12 /* AppDelegate.swift in Sources */ = {isa = PBXBuildFile; fileRef = EDC3786B2A889DDC00F4EC12 /* AppDelegate.swift */; };
		EDC3786E2A889DDC00F4EC12 /* SceneDelegate.swift in Sources */ = {isa = PBXBuildFile; fileRef = EDC3786D2A889DDC00F4EC12 /* SceneDelegate.swift */; };
		EDC378752A889DDD00F4EC12 /* Assets.xcassets in Resources */ = {isa = PBXBuildFile; fileRef = EDC378742A889DDD00F4EC12 /* Assets.xcassets */; };
		EDC378782A889DDD00F4EC12 /* LaunchScreen.storyboard in Resources */ = {isa = PBXBuildFile; fileRef = EDC378762A889DDD00F4EC12 /* LaunchScreen.storyboard */; };
		EDC378862A88B38200F4EC12 /* MovieListViewController.swift in Sources */ = {isa = PBXBuildFile; fileRef = EDC378852A88B38200F4EC12 /* MovieListViewController.swift */; };
		EDC378882A8927BE00F4EC12 /* MovieListViewController.storyboard in Resources */ = {isa = PBXBuildFile; fileRef = EDC378872A8927BE00F4EC12 /* MovieListViewController.storyboard */; };
		EDC3788B2A89283900F4EC12 /* StoryboardInstantiableProtocol.swift in Sources */ = {isa = PBXBuildFile; fileRef = EDC3788A2A89283900F4EC12 /* StoryboardInstantiableProtocol.swift */; };
		EDC3788D2A89285A00F4EC12 /* ReusableProtocol.swift in Sources */ = {isa = PBXBuildFile; fileRef = EDC3788C2A89285A00F4EC12 /* ReusableProtocol.swift */; };
		EDC378902A892A4F00F4EC12 /* MovieListCollectionViewCell.swift in Sources */ = {isa = PBXBuildFile; fileRef = EDC3788E2A892A4F00F4EC12 /* MovieListCollectionViewCell.swift */; };
		EDC378912A892A4F00F4EC12 /* MovieListCollectionViewCell.xib in Resources */ = {isa = PBXBuildFile; fileRef = EDC3788F2A892A4F00F4EC12 /* MovieListCollectionViewCell.xib */; };
		EDC601902A8E34E60021FF3C /* TVListViewController.swift in Sources */ = {isa = PBXBuildFile; fileRef = EDC6018F2A8E34E60021FF3C /* TVListViewController.swift */; };
		EDC601942A8E35120021FF3C /* TVListViewController.storyboard in Resources */ = {isa = PBXBuildFile; fileRef = EDC601932A8E35120021FF3C /* TVListViewController.storyboard */; };
		EDC601962A8E3E420021FF3C /* VideoType.swift in Sources */ = {isa = PBXBuildFile; fileRef = EDC601952A8E3E420021FF3C /* VideoType.swift */; };
		EDC601A72A8EFF5F0021FF3C /* TVDetailViewController.swift in Sources */ = {isa = PBXBuildFile; fileRef = EDC601A62A8EFF5F0021FF3C /* TVDetailViewController.swift */; };
		EDC601A92A8EFF750021FF3C /* TVDetailViewController.storyboard in Resources */ = {isa = PBXBuildFile; fileRef = EDC601A82A8EFF750021FF3C /* TVDetailViewController.storyboard */; };
		EDDE759D2A8B09A100C3D536 /* Endpoint.swift in Sources */ = {isa = PBXBuildFile; fileRef = EDDE759C2A8B09A100C3D536 /* Endpoint.swift */; };
		EDDE759F2A8B0A1D00C3D536 /* Header.swift in Sources */ = {isa = PBXBuildFile; fileRef = EDDE759E2A8B0A1D00C3D536 /* Header.swift */; };
		EDECE7092A8F329800E2877E /* TVSeriesDetailDTO.swift in Sources */ = {isa = PBXBuildFile; fileRef = EDECE7082A8F329800E2877E /* TVSeriesDetailDTO.swift */; };
		EDECE70B2A8F36B400E2877E /* TVDetail.swift in Sources */ = {isa = PBXBuildFile; fileRef = EDECE70A2A8F36B400E2877E /* TVDetail.swift */; };
		EDECE70D2A8F54DC00E2877E /* genre.swift in Sources */ = {isa = PBXBuildFile; fileRef = EDECE70C2A8F54DC00E2877E /* genre.swift */; };
/* End PBXBuildFile section */

/* Begin PBXFileReference section */
		ED064FC22A895AC600C79FBF /* DetailTableViewCell.swift */ = {isa = PBXFileReference; lastKnownFileType = sourcecode.swift; path = DetailTableViewCell.swift; sourceTree = "<group>"; };
		ED064FC32A895AC600C79FBF /* DetailTableViewCell.xib */ = {isa = PBXFileReference; lastKnownFileType = file.xib; path = DetailTableViewCell.xib; sourceTree = "<group>"; };
		ED064FC62A895F0900C79FBF /* CreditResponseDTO.swift */ = {isa = PBXFileReference; lastKnownFileType = sourcecode.swift; path = CreditResponseDTO.swift; sourceTree = "<group>"; };
		ED064FC82A89EC2700C79FBF /* ManagerableProtocol.swift */ = {isa = PBXFileReference; fileEncoding = 4; lastKnownFileType = sourcecode.swift; path = ManagerableProtocol.swift; sourceTree = "<group>"; };
		ED064FCC2A89EC5000C79FBF /* MovieManager.swift */ = {isa = PBXFileReference; lastKnownFileType = sourcecode.swift; path = MovieManager.swift; sourceTree = "<group>"; };
		ED96A81B2A8A31C600104D44 /* Video.swift */ = {isa = PBXFileReference; lastKnownFileType = sourcecode.swift; path = Video.swift; sourceTree = "<group>"; };
		ED96A81D2A8A35D400104D44 /* AlertableProtocol.swift */ = {isa = PBXFileReference; lastKnownFileType = sourcecode.swift; path = AlertableProtocol.swift; sourceTree = "<group>"; };
		ED96A81F2A8A395B00104D44 /* ImageFetchableProtocol.swift */ = {isa = PBXFileReference; lastKnownFileType = sourcecode.swift; path = ImageFetchableProtocol.swift; sourceTree = "<group>"; };
		ED96A8212A8A3B0B00104D44 /* Cast.swift */ = {isa = PBXFileReference; lastKnownFileType = sourcecode.swift; path = Cast.swift; sourceTree = "<group>"; };
		ED96A8252A8A452A00104D44 /* MPImage.swift */ = {isa = PBXFileReference; lastKnownFileType = sourcecode.swift; path = MPImage.swift; sourceTree = "<group>"; };
		ED96A8282A8A4DC500104D44 /* InfoTableViewCell.swift */ = {isa = PBXFileReference; lastKnownFileType = sourcecode.swift; path = InfoTableViewCell.swift; sourceTree = "<group>"; };
		ED96A8292A8A4DC500104D44 /* InfoTableViewCell.xib */ = {isa = PBXFileReference; lastKnownFileType = file.xib; path = InfoTableViewCell.xib; sourceTree = "<group>"; };
		ED96A82C2A8B003300104D44 /* APIableProtocol.swift */ = {isa = PBXFileReference; lastKnownFileType = sourcecode.swift; path = APIableProtocol.swift; sourceTree = "<group>"; };
		ED9936642A89345B0019EF3F /* PaddingLabel.swift */ = {isa = PBXFileReference; lastKnownFileType = sourcecode.swift; path = PaddingLabel.swift; sourceTree = "<group>"; };
		ED9936672A893E420019EF3F /* TrendListResponseDTO.swift */ = {isa = PBXFileReference; lastKnownFileType = sourcecode.swift; path = TrendListResponseDTO.swift; sourceTree = "<group>"; };
		ED99366A2A8940090019EF3F /* .gitignore */ = {isa = PBXFileReference; lastKnownFileType = text; path = .gitignore; sourceTree = "<group>"; };
		ED99366D2A89404D0019EF3F /* APIKey.swift */ = {isa = PBXFileReference; lastKnownFileType = sourcecode.swift; path = APIKey.swift; sourceTree = "<group>"; };
		ED99367D2A89462E0019EF3F /* VideoAPI.swift */ = {isa = PBXFileReference; lastKnownFileType = sourcecode.swift; path = VideoAPI.swift; sourceTree = "<group>"; };
		ED9936842A8957410019EF3F /* MovieDetailViewController.swift */ = {isa = PBXFileReference; lastKnownFileType = sourcecode.swift; path = MovieDetailViewController.swift; sourceTree = "<group>"; };
		ED9936862A89576A0019EF3F /* MovieDetailViewController.storyboard */ = {isa = PBXFileReference; lastKnownFileType = file.storyboard; path = MovieDetailViewController.storyboard; sourceTree = "<group>"; };
		EDB0FA2E2A8E325200861AC1 /* MediaTabBarViewController.storyboard */ = {isa = PBXFileReference; lastKnownFileType = file.storyboard; path = MediaTabBarViewController.storyboard; sourceTree = "<group>"; };
		EDC378682A889DDC00F4EC12 /* MediaProject.app */ = {isa = PBXFileReference; explicitFileType = wrapper.application; includeInIndex = 0; path = MediaProject.app; sourceTree = BUILT_PRODUCTS_DIR; };
		EDC3786B2A889DDC00F4EC12 /* AppDelegate.swift */ = {isa = PBXFileReference; lastKnownFileType = sourcecode.swift; path = AppDelegate.swift; sourceTree = "<group>"; };
		EDC3786D2A889DDC00F4EC12 /* SceneDelegate.swift */ = {isa = PBXFileReference; lastKnownFileType = sourcecode.swift; path = SceneDelegate.swift; sourceTree = "<group>"; };
		EDC378742A889DDD00F4EC12 /* Assets.xcassets */ = {isa = PBXFileReference; lastKnownFileType = folder.assetcatalog; path = Assets.xcassets; sourceTree = "<group>"; };
		EDC378772A889DDD00F4EC12 /* Base */ = {isa = PBXFileReference; lastKnownFileType = file.storyboard; name = Base; path = Base.lproj/LaunchScreen.storyboard; sourceTree = "<group>"; };
		EDC378792A889DDD00F4EC12 /* Info.plist */ = {isa = PBXFileReference; lastKnownFileType = text.plist.xml; path = Info.plist; sourceTree = "<group>"; };
		EDC378852A88B38200F4EC12 /* MovieListViewController.swift */ = {isa = PBXFileReference; lastKnownFileType = sourcecode.swift; path = MovieListViewController.swift; sourceTree = "<group>"; };
		EDC378872A8927BE00F4EC12 /* MovieListViewController.storyboard */ = {isa = PBXFileReference; lastKnownFileType = file.storyboard; path = MovieListViewController.storyboard; sourceTree = "<group>"; };
		EDC3788A2A89283900F4EC12 /* StoryboardInstantiableProtocol.swift */ = {isa = PBXFileReference; lastKnownFileType = sourcecode.swift; path = StoryboardInstantiableProtocol.swift; sourceTree = "<group>"; };
		EDC3788C2A89285A00F4EC12 /* ReusableProtocol.swift */ = {isa = PBXFileReference; lastKnownFileType = sourcecode.swift; path = ReusableProtocol.swift; sourceTree = "<group>"; };
		EDC3788E2A892A4F00F4EC12 /* MovieListCollectionViewCell.swift */ = {isa = PBXFileReference; lastKnownFileType = sourcecode.swift; path = MovieListCollectionViewCell.swift; sourceTree = "<group>"; };
		EDC3788F2A892A4F00F4EC12 /* MovieListCollectionViewCell.xib */ = {isa = PBXFileReference; lastKnownFileType = file.xib; path = MovieListCollectionViewCell.xib; sourceTree = "<group>"; };
		EDC6018F2A8E34E60021FF3C /* TVListViewController.swift */ = {isa = PBXFileReference; lastKnownFileType = sourcecode.swift; path = TVListViewController.swift; sourceTree = "<group>"; };
		EDC601932A8E35120021FF3C /* TVListViewController.storyboard */ = {isa = PBXFileReference; lastKnownFileType = file.storyboard; path = TVListViewController.storyboard; sourceTree = "<group>"; };
		EDC601952A8E3E420021FF3C /* VideoType.swift */ = {isa = PBXFileReference; lastKnownFileType = sourcecode.swift; path = VideoType.swift; sourceTree = "<group>"; };
		EDC601A62A8EFF5F0021FF3C /* TVDetailViewController.swift */ = {isa = PBXFileReference; lastKnownFileType = sourcecode.swift; path = TVDetailViewController.swift; sourceTree = "<group>"; };
		EDC601A82A8EFF750021FF3C /* TVDetailViewController.storyboard */ = {isa = PBXFileReference; lastKnownFileType = file.storyboard; path = TVDetailViewController.storyboard; sourceTree = "<group>"; };
		EDDE759C2A8B09A100C3D536 /* Endpoint.swift */ = {isa = PBXFileReference; lastKnownFileType = sourcecode.swift; path = Endpoint.swift; sourceTree = "<group>"; };
		EDDE759E2A8B0A1D00C3D536 /* Header.swift */ = {isa = PBXFileReference; lastKnownFileType = sourcecode.swift; path = Header.swift; sourceTree = "<group>"; };
		EDECE7082A8F329800E2877E /* TVSeriesDetailDTO.swift */ = {isa = PBXFileReference; lastKnownFileType = sourcecode.swift; path = TVSeriesDetailDTO.swift; sourceTree = "<group>"; };
		EDECE70A2A8F36B400E2877E /* TVDetail.swift */ = {isa = PBXFileReference; lastKnownFileType = sourcecode.swift; path = TVDetail.swift; sourceTree = "<group>"; };
		EDECE70C2A8F54DC00E2877E /* genre.swift */ = {isa = PBXFileReference; lastKnownFileType = sourcecode.swift; path = genre.swift; sourceTree = "<group>"; };
/* End PBXFileReference section */

/* Begin PBXFrameworksBuildPhase section */
		EDC378652A889DDC00F4EC12 /* Frameworks */ = {
			isa = PBXFrameworksBuildPhase;
			buildActionMask = 2147483647;
			files = (
				ED99367A2A89444A0019EF3F /* Alamofire in Frameworks */,
			);
			runOnlyForDeploymentPostprocessing = 0;
		};
/* End PBXFrameworksBuildPhase section */

/* Begin PBXGroup section */
		ED064FCE2A89EC5600C79FBF /* Manager */ = {
			isa = PBXGroup;
			children = (
				ED064FC82A89EC2700C79FBF /* ManagerableProtocol.swift */,
				ED064FCC2A89EC5000C79FBF /* MovieManager.swift */,
			);
			path = Manager;
			sourceTree = "<group>";
		};
		ED064FCF2A89ED6100C79FBF /* DTO */ = {
			isa = PBXGroup;
			children = (
				ED9936672A893E420019EF3F /* TrendListResponseDTO.swift */,
				ED064FC62A895F0900C79FBF /* CreditResponseDTO.swift */,
				EDECE7082A8F329800E2877E /* TVSeriesDetailDTO.swift */,
			);
			path = DTO;
			sourceTree = "<group>";
		};
		ED96A8242A8A451000104D44 /* Common */ = {
			isa = PBXGroup;
			children = (
				ED96A8252A8A452A00104D44 /* MPImage.swift */,
			);
			path = Common;
			sourceTree = "<group>";
		};
		ED9936662A893E330019EF3F /* Model */ = {
			isa = PBXGroup;
			children = (
				ED96A81B2A8A31C600104D44 /* Video.swift */,
				EDECE70A2A8F36B400E2877E /* TVDetail.swift */,
				ED96A8212A8A3B0B00104D44 /* Cast.swift */,
				EDC601952A8E3E420021FF3C /* VideoType.swift */,
				EDECE70C2A8F54DC00E2877E /* genre.swift */,
			);
			path = Model;
			sourceTree = "<group>";
		};
		ED99366C2A89402F0019EF3F /* Network */ = {
			isa = PBXGroup;
			children = (
				ED99366D2A89404D0019EF3F /* APIKey.swift */,
				EDDE759C2A8B09A100C3D536 /* Endpoint.swift */,
				EDDE759E2A8B0A1D00C3D536 /* Header.swift */,
				ED96A82C2A8B003300104D44 /* APIableProtocol.swift */,
				ED99367D2A89462E0019EF3F /* VideoAPI.swift */,
				ED064FCF2A89ED6100C79FBF /* DTO */,
				ED064FCE2A89EC5600C79FBF /* Manager */,
			);
			path = Network;
			sourceTree = "<group>";
		};
		ED9936812A8957050019EF3F /* MovieDetailView */ = {
			isa = PBXGroup;
			children = (
				ED9936822A89571C0019EF3F /* ViewController */,
				ED9936832A89572F0019EF3F /* View */,
			);
			path = MovieDetailView;
			sourceTree = "<group>";
		};
		ED9936822A89571C0019EF3F /* ViewController */ = {
			isa = PBXGroup;
			children = (
				ED9936842A8957410019EF3F /* MovieDetailViewController.swift */,
			);
			path = ViewController;
			sourceTree = "<group>";
		};
		ED9936832A89572F0019EF3F /* View */ = {
			isa = PBXGroup;
			children = (
				ED9936862A89576A0019EF3F /* MovieDetailViewController.storyboard */,
				ED064FC22A895AC600C79FBF /* DetailTableViewCell.swift */,
				ED064FC32A895AC600C79FBF /* DetailTableViewCell.xib */,
				ED96A8282A8A4DC500104D44 /* InfoTableViewCell.swift */,
				ED96A8292A8A4DC500104D44 /* InfoTableViewCell.xib */,
			);
			path = View;
			sourceTree = "<group>";
		};
		EDB0FA2D2A8E322E00861AC1 /* TabBarView */ = {
			isa = PBXGroup;
			children = (
				EDB0FA2E2A8E325200861AC1 /* MediaTabBarViewController.storyboard */,
			);
			path = TabBarView;
			sourceTree = "<group>";
		};
		EDC3785F2A889DDC00F4EC12 = {
			isa = PBXGroup;
			children = (
				ED99366A2A8940090019EF3F /* .gitignore */,
				EDC3786A2A889DDC00F4EC12 /* MediaProject */,
				EDC378692A889DDC00F4EC12 /* Products */,
			);
			sourceTree = "<group>";
		};
		EDC378692A889DDC00F4EC12 /* Products */ = {
			isa = PBXGroup;
			children = (
				EDC378682A889DDC00F4EC12 /* MediaProject.app */,
			);
			name = Products;
			sourceTree = "<group>";
		};
		EDC3786A2A889DDC00F4EC12 /* MediaProject */ = {
			isa = PBXGroup;
			children = (
				EDC3787F2A88B2D200F4EC12 /* Applictaion */,
				ED9936662A893E330019EF3F /* Model */,
				EDC378812A88B34900F4EC12 /* Presentation */,
				ED99366C2A89402F0019EF3F /* Network */,
				ED96A8242A8A451000104D44 /* Common */,
				EDC378802A88B2DB00F4EC12 /* Resources */,
			);
			path = MediaProject;
			sourceTree = "<group>";
		};
		EDC3787F2A88B2D200F4EC12 /* Applictaion */ = {
			isa = PBXGroup;
			children = (
				EDC3786B2A889DDC00F4EC12 /* AppDelegate.swift */,
				EDC3786D2A889DDC00F4EC12 /* SceneDelegate.swift */,
			);
			path = Applictaion;
			sourceTree = "<group>";
		};
		EDC378802A88B2DB00F4EC12 /* Resources */ = {
			isa = PBXGroup;
			children = (
				EDC378742A889DDD00F4EC12 /* Assets.xcassets */,
				EDC378762A889DDD00F4EC12 /* LaunchScreen.storyboard */,
				EDC378792A889DDD00F4EC12 /* Info.plist */,
			);
			path = Resources;
			sourceTree = "<group>";
		};
		EDC378812A88B34900F4EC12 /* Presentation */ = {
			isa = PBXGroup;
			children = (
				EDB0FA2D2A8E322E00861AC1 /* TabBarView */,
				EDC6018C2A8E34C00021FF3C /* MovieTab */,
				EDC6018D2A8E34C70021FF3C /* TVTab */,
				EDC378892A89281100F4EC12 /* Utils */,
			);
			path = Presentation;
			sourceTree = "<group>";
		};
		EDC378822A88B35A00F4EC12 /* MovieListView */ = {
			isa = PBXGroup;
			children = (
				EDC378832A88B36800F4EC12 /* ViewController */,
				EDC378842A88B36D00F4EC12 /* View */,
			);
			path = MovieListView;
			sourceTree = "<group>";
		};
		EDC378832A88B36800F4EC12 /* ViewController */ = {
			isa = PBXGroup;
			children = (
				EDC378852A88B38200F4EC12 /* MovieListViewController.swift */,
			);
			path = ViewController;
			sourceTree = "<group>";
		};
		EDC378842A88B36D00F4EC12 /* View */ = {
			isa = PBXGroup;
			children = (
				EDC378872A8927BE00F4EC12 /* MovieListViewController.storyboard */,
				EDC3788E2A892A4F00F4EC12 /* MovieListCollectionViewCell.swift */,
				EDC3788F2A892A4F00F4EC12 /* MovieListCollectionViewCell.xib */,
			);
			path = View;
			sourceTree = "<group>";
		};
		EDC378892A89281100F4EC12 /* Utils */ = {
			isa = PBXGroup;
			children = (
				ED9936642A89345B0019EF3F /* PaddingLabel.swift */,
				EDC3788A2A89283900F4EC12 /* StoryboardInstantiableProtocol.swift */,
				EDC3788C2A89285A00F4EC12 /* ReusableProtocol.swift */,
				ED96A81D2A8A35D400104D44 /* AlertableProtocol.swift */,
				ED96A81F2A8A395B00104D44 /* ImageFetchableProtocol.swift */,
			);
			path = Utils;
			sourceTree = "<group>";
		};
		EDC6018C2A8E34C00021FF3C /* MovieTab */ = {
			isa = PBXGroup;
			children = (
				EDC378822A88B35A00F4EC12 /* MovieListView */,
				ED9936812A8957050019EF3F /* MovieDetailView */,
			);
			path = MovieTab;
			sourceTree = "<group>";
		};
		EDC6018D2A8E34C70021FF3C /* TVTab */ = {
			isa = PBXGroup;
			children = (
				EDC6018E2A8E34D90021FF3C /* TVListView */,
				EDC601A32A8EFEEC0021FF3C /* TVDetailView */,
			);
			path = TVTab;
			sourceTree = "<group>";
		};
		EDC6018E2A8E34D90021FF3C /* TVListView */ = {
			isa = PBXGroup;
			children = (
				EDC601912A8E35010021FF3C /* VIewController */,
				EDC601922A8E35090021FF3C /* View */,
			);
			path = TVListView;
			sourceTree = "<group>";
		};
		EDC601912A8E35010021FF3C /* VIewController */ = {
			isa = PBXGroup;
			children = (
				EDC6018F2A8E34E60021FF3C /* TVListViewController.swift */,
			);
			path = VIewController;
			sourceTree = "<group>";
		};
		EDC601922A8E35090021FF3C /* View */ = {
			isa = PBXGroup;
			children = (
				EDC601932A8E35120021FF3C /* TVListViewController.storyboard */,
			);
			path = View;
			sourceTree = "<group>";
		};
		EDC601A32A8EFEEC0021FF3C /* TVDetailView */ = {
			isa = PBXGroup;
			children = (
				EDC601A42A8EFF410021FF3C /* ViewController */,
				EDC601A52A8EFF470021FF3C /* VIew */,
			);
			path = TVDetailView;
			sourceTree = "<group>";
		};
		EDC601A42A8EFF410021FF3C /* ViewController */ = {
			isa = PBXGroup;
			children = (
				EDC601A62A8EFF5F0021FF3C /* TVDetailViewController.swift */,
			);
			path = ViewController;
			sourceTree = "<group>";
		};
		EDC601A52A8EFF470021FF3C /* VIew */ = {
			isa = PBXGroup;
			children = (
				EDC601A82A8EFF750021FF3C /* TVDetailViewController.storyboard */,
			);
			path = VIew;
			sourceTree = "<group>";
		};
/* End PBXGroup section */

/* Begin PBXNativeTarget section */
		EDC378672A889DDC00F4EC12 /* MediaProject */ = {
			isa = PBXNativeTarget;
			buildConfigurationList = EDC3787C2A889DDD00F4EC12 /* Build configuration list for PBXNativeTarget "MediaProject" */;
			buildPhases = (
				EDC378642A889DDC00F4EC12 /* Sources */,
				EDC378652A889DDC00F4EC12 /* Frameworks */,
				EDC378662A889DDC00F4EC12 /* Resources */,
			);
			buildRules = (
			);
			dependencies = (
			);
			name = MediaProject;
			packageProductDependencies = (
				ED9936792A89444A0019EF3F /* Alamofire */,
			);
			productName = MediaProject;
			productReference = EDC378682A889DDC00F4EC12 /* MediaProject.app */;
			productType = "com.apple.product-type.application";
		};
/* End PBXNativeTarget section */

/* Begin PBXProject section */
		EDC378602A889DDC00F4EC12 /* Project object */ = {
			isa = PBXProject;
			attributes = {
				BuildIndependentTargetsInParallel = 1;
				LastSwiftUpdateCheck = 1420;
				LastUpgradeCheck = 1420;
				TargetAttributes = {
					EDC378672A889DDC00F4EC12 = {
						CreatedOnToolsVersion = 14.2;
					};
				};
			};
			buildConfigurationList = EDC378632A889DDC00F4EC12 /* Build configuration list for PBXProject "MediaProject" */;
			compatibilityVersion = "Xcode 14.0";
			developmentRegion = en;
			hasScannedForEncodings = 0;
			knownRegions = (
				en,
				Base,
			);
			mainGroup = EDC3785F2A889DDC00F4EC12;
			packageReferences = (
				ED9936782A89444A0019EF3F /* XCRemoteSwiftPackageReference "Alamofire" */,
			);
			productRefGroup = EDC378692A889DDC00F4EC12 /* Products */;
			projectDirPath = "";
			projectRoot = "";
			targets = (
				EDC378672A889DDC00F4EC12 /* MediaProject */,
			);
		};
/* End PBXProject section */

/* Begin PBXResourcesBuildPhase section */
		EDC378662A889DDC00F4EC12 /* Resources */ = {
			isa = PBXResourcesBuildPhase;
			buildActionMask = 2147483647;
			files = (
				ED99366B2A8940090019EF3F /* .gitignore in Resources */,
				EDB0FA2F2A8E325200861AC1 /* MediaTabBarViewController.storyboard in Resources */,
				EDC378882A8927BE00F4EC12 /* MovieListViewController.storyboard in Resources */,
				EDC378782A889DDD00F4EC12 /* LaunchScreen.storyboard in Resources */,
				EDC601A92A8EFF750021FF3C /* TVDetailViewController.storyboard in Resources */,
				ED9936872A89576A0019EF3F /* MovieDetailViewController.storyboard in Resources */,
				EDC601942A8E35120021FF3C /* TVListViewController.storyboard in Resources */,
				EDC378752A889DDD00F4EC12 /* Assets.xcassets in Resources */,
				ED96A82B2A8A4DC500104D44 /* InfoTableViewCell.xib in Resources */,
				ED064FC52A895AC600C79FBF /* DetailTableViewCell.xib in Resources */,
				EDC378912A892A4F00F4EC12 /* MovieListCollectionViewCell.xib in Resources */,
			);
			runOnlyForDeploymentPostprocessing = 0;
		};
/* End PBXResourcesBuildPhase section */

/* Begin PBXSourcesBuildPhase section */
		EDC378642A889DDC00F4EC12 /* Sources */ = {
			isa = PBXSourcesBuildPhase;
			buildActionMask = 2147483647;
			files = (
				ED96A82D2A8B003300104D44 /* APIableProtocol.swift in Sources */,
				ED064FCD2A89EC5000C79FBF /* MovieManager.swift in Sources */,
				EDC3788B2A89283900F4EC12 /* StoryboardInstantiableProtocol.swift in Sources */,
				ED96A82A2A8A4DC500104D44 /* InfoTableViewCell.swift in Sources */,
				ED96A81C2A8A31C600104D44 /* Video.swift in Sources */,
				EDC601962A8E3E420021FF3C /* VideoType.swift in Sources */,
				ED9936652A89345B0019EF3F /* PaddingLabel.swift in Sources */,
				EDC601A72A8EFF5F0021FF3C /* TVDetailViewController.swift in Sources */,
				EDC378902A892A4F00F4EC12 /* MovieListCollectionViewCell.swift in Sources */,
				ED064FC42A895AC600C79FBF /* DetailTableViewCell.swift in Sources */,
				EDC378862A88B38200F4EC12 /* MovieListViewController.swift in Sources */,
				ED9936852A8957420019EF3F /* MovieDetailViewController.swift in Sources */,
				ED064FC72A895F0900C79FBF /* CreditResponseDTO.swift in Sources */,
				ED96A8262A8A452A00104D44 /* MPImage.swift in Sources */,
				EDC3788D2A89285A00F4EC12 /* ReusableProtocol.swift in Sources */,
				EDC3786C2A889DDC00F4EC12 /* AppDelegate.swift in Sources */,
				EDECE70B2A8F36B400E2877E /* TVDetail.swift in Sources */,
				ED9936682A893E420019EF3F /* TrendListResponseDTO.swift in Sources */,
				EDC601902A8E34E60021FF3C /* TVListViewController.swift in Sources */,
				EDECE70D2A8F54DC00E2877E /* genre.swift in Sources */,
				ED99366E2A89404D0019EF3F /* APIKey.swift in Sources */,
				EDDE759F2A8B0A1D00C3D536 /* Header.swift in Sources */,
				ED96A81E2A8A35D400104D44 /* AlertableProtocol.swift in Sources */,
				EDDE759D2A8B09A100C3D536 /* Endpoint.swift in Sources */,
				ED96A8222A8A3B0B00104D44 /* Cast.swift in Sources */,
				ED96A8202A8A395B00104D44 /* ImageFetchableProtocol.swift in Sources */,
				ED064FCA2A89EC2700C79FBF /* ManagerableProtocol.swift in Sources */,
				EDECE7092A8F329800E2877E /* TVSeriesDetailDTO.swift in Sources */,
				ED99367E2A89462E0019EF3F /* VideoAPI.swift in Sources */,
				EDC3786E2A889DDC00F4EC12 /* SceneDelegate.swift in Sources */,
			);
			runOnlyForDeploymentPostprocessing = 0;
		};
/* End PBXSourcesBuildPhase section */

/* Begin PBXVariantGroup section */
		EDC378762A889DDD00F4EC12 /* LaunchScreen.storyboard */ = {
			isa = PBXVariantGroup;
			children = (
				EDC378772A889DDD00F4EC12 /* Base */,
			);
			name = LaunchScreen.storyboard;
			sourceTree = "<group>";
		};
/* End PBXVariantGroup section */

/* Begin XCBuildConfiguration section */
		EDC3787A2A889DDD00F4EC12 /* Debug */ = {
			isa = XCBuildConfiguration;
			buildSettings = {
				ALWAYS_SEARCH_USER_PATHS = NO;
				CLANG_ANALYZER_NONNULL = YES;
				CLANG_ANALYZER_NUMBER_OBJECT_CONVERSION = YES_AGGRESSIVE;
				CLANG_CXX_LANGUAGE_STANDARD = "gnu++20";
				CLANG_ENABLE_MODULES = YES;
				CLANG_ENABLE_OBJC_ARC = YES;
				CLANG_ENABLE_OBJC_WEAK = YES;
				CLANG_WARN_BLOCK_CAPTURE_AUTORELEASING = YES;
				CLANG_WARN_BOOL_CONVERSION = YES;
				CLANG_WARN_COMMA = YES;
				CLANG_WARN_CONSTANT_CONVERSION = YES;
				CLANG_WARN_DEPRECATED_OBJC_IMPLEMENTATIONS = YES;
				CLANG_WARN_DIRECT_OBJC_ISA_USAGE = YES_ERROR;
				CLANG_WARN_DOCUMENTATION_COMMENTS = YES;
				CLANG_WARN_EMPTY_BODY = YES;
				CLANG_WARN_ENUM_CONVERSION = YES;
				CLANG_WARN_INFINITE_RECURSION = YES;
				CLANG_WARN_INT_CONVERSION = YES;
				CLANG_WARN_NON_LITERAL_NULL_CONVERSION = YES;
				CLANG_WARN_OBJC_IMPLICIT_RETAIN_SELF = YES;
				CLANG_WARN_OBJC_LITERAL_CONVERSION = YES;
				CLANG_WARN_OBJC_ROOT_CLASS = YES_ERROR;
				CLANG_WARN_QUOTED_INCLUDE_IN_FRAMEWORK_HEADER = YES;
				CLANG_WARN_RANGE_LOOP_ANALYSIS = YES;
				CLANG_WARN_STRICT_PROTOTYPES = YES;
				CLANG_WARN_SUSPICIOUS_MOVE = YES;
				CLANG_WARN_UNGUARDED_AVAILABILITY = YES_AGGRESSIVE;
				CLANG_WARN_UNREACHABLE_CODE = YES;
				CLANG_WARN__DUPLICATE_METHOD_MATCH = YES;
				COPY_PHASE_STRIP = NO;
				DEBUG_INFORMATION_FORMAT = dwarf;
				ENABLE_STRICT_OBJC_MSGSEND = YES;
				ENABLE_TESTABILITY = YES;
				GCC_C_LANGUAGE_STANDARD = gnu11;
				GCC_DYNAMIC_NO_PIC = NO;
				GCC_NO_COMMON_BLOCKS = YES;
				GCC_OPTIMIZATION_LEVEL = 0;
				GCC_PREPROCESSOR_DEFINITIONS = (
					"DEBUG=1",
					"$(inherited)",
				);
				GCC_WARN_64_TO_32_BIT_CONVERSION = YES;
				GCC_WARN_ABOUT_RETURN_TYPE = YES_ERROR;
				GCC_WARN_UNDECLARED_SELECTOR = YES;
				GCC_WARN_UNINITIALIZED_AUTOS = YES_AGGRESSIVE;
				GCC_WARN_UNUSED_FUNCTION = YES;
				GCC_WARN_UNUSED_VARIABLE = YES;
				IPHONEOS_DEPLOYMENT_TARGET = 16.2;
				MTL_ENABLE_DEBUG_INFO = INCLUDE_SOURCE;
				MTL_FAST_MATH = YES;
				ONLY_ACTIVE_ARCH = YES;
				SDKROOT = iphoneos;
				SWIFT_ACTIVE_COMPILATION_CONDITIONS = DEBUG;
				SWIFT_OPTIMIZATION_LEVEL = "-Onone";
			};
			name = Debug;
		};
		EDC3787B2A889DDD00F4EC12 /* Release */ = {
			isa = XCBuildConfiguration;
			buildSettings = {
				ALWAYS_SEARCH_USER_PATHS = NO;
				CLANG_ANALYZER_NONNULL = YES;
				CLANG_ANALYZER_NUMBER_OBJECT_CONVERSION = YES_AGGRESSIVE;
				CLANG_CXX_LANGUAGE_STANDARD = "gnu++20";
				CLANG_ENABLE_MODULES = YES;
				CLANG_ENABLE_OBJC_ARC = YES;
				CLANG_ENABLE_OBJC_WEAK = YES;
				CLANG_WARN_BLOCK_CAPTURE_AUTORELEASING = YES;
				CLANG_WARN_BOOL_CONVERSION = YES;
				CLANG_WARN_COMMA = YES;
				CLANG_WARN_CONSTANT_CONVERSION = YES;
				CLANG_WARN_DEPRECATED_OBJC_IMPLEMENTATIONS = YES;
				CLANG_WARN_DIRECT_OBJC_ISA_USAGE = YES_ERROR;
				CLANG_WARN_DOCUMENTATION_COMMENTS = YES;
				CLANG_WARN_EMPTY_BODY = YES;
				CLANG_WARN_ENUM_CONVERSION = YES;
				CLANG_WARN_INFINITE_RECURSION = YES;
				CLANG_WARN_INT_CONVERSION = YES;
				CLANG_WARN_NON_LITERAL_NULL_CONVERSION = YES;
				CLANG_WARN_OBJC_IMPLICIT_RETAIN_SELF = YES;
				CLANG_WARN_OBJC_LITERAL_CONVERSION = YES;
				CLANG_WARN_OBJC_ROOT_CLASS = YES_ERROR;
				CLANG_WARN_QUOTED_INCLUDE_IN_FRAMEWORK_HEADER = YES;
				CLANG_WARN_RANGE_LOOP_ANALYSIS = YES;
				CLANG_WARN_STRICT_PROTOTYPES = YES;
				CLANG_WARN_SUSPICIOUS_MOVE = YES;
				CLANG_WARN_UNGUARDED_AVAILABILITY = YES_AGGRESSIVE;
				CLANG_WARN_UNREACHABLE_CODE = YES;
				CLANG_WARN__DUPLICATE_METHOD_MATCH = YES;
				COPY_PHASE_STRIP = NO;
				DEBUG_INFORMATION_FORMAT = "dwarf-with-dsym";
				ENABLE_NS_ASSERTIONS = NO;
				ENABLE_STRICT_OBJC_MSGSEND = YES;
				GCC_C_LANGUAGE_STANDARD = gnu11;
				GCC_NO_COMMON_BLOCKS = YES;
				GCC_WARN_64_TO_32_BIT_CONVERSION = YES;
				GCC_WARN_ABOUT_RETURN_TYPE = YES_ERROR;
				GCC_WARN_UNDECLARED_SELECTOR = YES;
				GCC_WARN_UNINITIALIZED_AUTOS = YES_AGGRESSIVE;
				GCC_WARN_UNUSED_FUNCTION = YES;
				GCC_WARN_UNUSED_VARIABLE = YES;
				IPHONEOS_DEPLOYMENT_TARGET = 16.2;
				MTL_ENABLE_DEBUG_INFO = NO;
				MTL_FAST_MATH = YES;
				SDKROOT = iphoneos;
				SWIFT_COMPILATION_MODE = wholemodule;
				SWIFT_OPTIMIZATION_LEVEL = "-O";
				VALIDATE_PRODUCT = YES;
			};
			name = Release;
		};
		EDC3787D2A889DDD00F4EC12 /* Debug */ = {
			isa = XCBuildConfiguration;
			buildSettings = {
				ASSETCATALOG_COMPILER_APPICON_NAME = AppIcon;
				ASSETCATALOG_COMPILER_GLOBAL_ACCENT_COLOR_NAME = AccentColor;
				CODE_SIGN_STYLE = Automatic;
				CURRENT_PROJECT_VERSION = 1;
				DEVELOPMENT_TEAM = 82J7RU93V4;
				GENERATE_INFOPLIST_FILE = YES;
				INFOPLIST_FILE = MediaProject/Resources/Info.plist;
				INFOPLIST_KEY_UIApplicationSupportsIndirectInputEvents = YES;
				INFOPLIST_KEY_UILaunchStoryboardName = LaunchScreen;
				INFOPLIST_KEY_UISupportedInterfaceOrientations_iPad = "UIInterfaceOrientationPortrait UIInterfaceOrientationPortraitUpsideDown UIInterfaceOrientationLandscapeLeft UIInterfaceOrientationLandscapeRight";
				INFOPLIST_KEY_UISupportedInterfaceOrientations_iPhone = "UIInterfaceOrientationPortrait UIInterfaceOrientationLandscapeLeft UIInterfaceOrientationLandscapeRight";
				LD_RUNPATH_SEARCH_PATHS = (
					"$(inherited)",
					"@executable_path/Frameworks",
				);
				MARKETING_VERSION = 1.0;
				PRODUCT_BUNDLE_IDENTIFIER = com.JongHoon.MediaProject;
				PRODUCT_NAME = "$(TARGET_NAME)";
				SWIFT_EMIT_LOC_STRINGS = YES;
				SWIFT_VERSION = 5.0;
				TARGETED_DEVICE_FAMILY = "1,2";
			};
			name = Debug;
		};
		EDC3787E2A889DDD00F4EC12 /* Release */ = {
			isa = XCBuildConfiguration;
			buildSettings = {
				ASSETCATALOG_COMPILER_APPICON_NAME = AppIcon;
				ASSETCATALOG_COMPILER_GLOBAL_ACCENT_COLOR_NAME = AccentColor;
				CODE_SIGN_STYLE = Automatic;
				CURRENT_PROJECT_VERSION = 1;
				DEVELOPMENT_TEAM = 82J7RU93V4;
				GENERATE_INFOPLIST_FILE = YES;
				INFOPLIST_FILE = MediaProject/Resources/Info.plist;
				INFOPLIST_KEY_UIApplicationSupportsIndirectInputEvents = YES;
				INFOPLIST_KEY_UILaunchStoryboardName = LaunchScreen;
				INFOPLIST_KEY_UISupportedInterfaceOrientations_iPad = "UIInterfaceOrientationPortrait UIInterfaceOrientationPortraitUpsideDown UIInterfaceOrientationLandscapeLeft UIInterfaceOrientationLandscapeRight";
				INFOPLIST_KEY_UISupportedInterfaceOrientations_iPhone = "UIInterfaceOrientationPortrait UIInterfaceOrientationLandscapeLeft UIInterfaceOrientationLandscapeRight";
				LD_RUNPATH_SEARCH_PATHS = (
					"$(inherited)",
					"@executable_path/Frameworks",
				);
				MARKETING_VERSION = 1.0;
				PRODUCT_BUNDLE_IDENTIFIER = com.JongHoon.MediaProject;
				PRODUCT_NAME = "$(TARGET_NAME)";
				SWIFT_EMIT_LOC_STRINGS = YES;
				SWIFT_VERSION = 5.0;
				TARGETED_DEVICE_FAMILY = "1,2";
			};
			name = Release;
		};
/* End XCBuildConfiguration section */

/* Begin XCConfigurationList section */
		EDC378632A889DDC00F4EC12 /* Build configuration list for PBXProject "MediaProject" */ = {
			isa = XCConfigurationList;
			buildConfigurations = (
				EDC3787A2A889DDD00F4EC12 /* Debug */,
				EDC3787B2A889DDD00F4EC12 /* Release */,
			);
			defaultConfigurationIsVisible = 0;
			defaultConfigurationName = Release;
		};
		EDC3787C2A889DDD00F4EC12 /* Build configuration list for PBXNativeTarget "MediaProject" */ = {
			isa = XCConfigurationList;
			buildConfigurations = (
				EDC3787D2A889DDD00F4EC12 /* Debug */,
				EDC3787E2A889DDD00F4EC12 /* Release */,
			);
			defaultConfigurationIsVisible = 0;
			defaultConfigurationName = Release;
		};
/* End XCConfigurationList section */

/* Begin XCRemoteSwiftPackageReference section */
		ED9936782A89444A0019EF3F /* XCRemoteSwiftPackageReference "Alamofire" */ = {
			isa = XCRemoteSwiftPackageReference;
			repositoryURL = "https://github.com/Alamofire/Alamofire.git";
			requirement = {
				kind = exactVersion;
				version = 5.7.1;
			};
		};
/* End XCRemoteSwiftPackageReference section */

/* Begin XCSwiftPackageProductDependency section */
		ED9936792A89444A0019EF3F /* Alamofire */ = {
			isa = XCSwiftPackageProductDependency;
			package = ED9936782A89444A0019EF3F /* XCRemoteSwiftPackageReference "Alamofire" */;
			productName = Alamofire;
		};
/* End XCSwiftPackageProductDependency section */
	};
	rootObject = EDC378602A889DDC00F4EC12 /* Project object */;
}
